// !$*UTF8*$!
{
	archiveVersion = 1;
	classes = {
	};
	objectVersion = 46;
	objects = {

/* Begin PBXBuildFile section */
		78FBDED8570EA95872599B5E /* libPods-Yeni1Tarif.a in Frameworks */ = {isa = PBXBuildFile; fileRef = 2488655300BB2D28108148FA /* libPods-Yeni1Tarif.a */; };
		9A0FEF651BC71286007A66D5 /* Parse.Extensions.swift in Sources */ = {isa = PBXBuildFile; fileRef = 9A0FEF641BC71286007A66D5 /* Parse.Extensions.swift */; settings = {ASSET_TAGS = (); }; };
		9A133D921A6089AF009E319B /* AppDelegate.swift in Sources */ = {isa = PBXBuildFile; fileRef = 9A133D911A6089AF009E319B /* AppDelegate.swift */; };
		9A133D971A6089AF009E319B /* Main.storyboard in Resources */ = {isa = PBXBuildFile; fileRef = 9A133D951A6089AF009E319B /* Main.storyboard */; };
		9A133D991A6089AF009E319B /* Images.xcassets in Resources */ = {isa = PBXBuildFile; fileRef = 9A133D981A6089AF009E319B /* Images.xcassets */; };
		9A133D9C1A6089AF009E319B /* LaunchScreen.xib in Resources */ = {isa = PBXBuildFile; fileRef = 9A133D9A1A6089AF009E319B /* LaunchScreen.xib */; };
		9A133DA81A6089AF009E319B /* Yeni1TarifTests.swift in Sources */ = {isa = PBXBuildFile; fileRef = 9A133DA71A6089AF009E319B /* Yeni1TarifTests.swift */; };
		9A442EB01BC7244B008423CC /* EntriesController.swift in Sources */ = {isa = PBXBuildFile; fileRef = 9A442EAF1BC7244B008423CC /* EntriesController.swift */; settings = {ASSET_TAGS = (); }; };
		9A4467D11BC9632B004CA5E7 /* EntryCell.swift in Sources */ = {isa = PBXBuildFile; fileRef = 9A4467D01BC9632B004CA5E7 /* EntryCell.swift */; settings = {ASSET_TAGS = (); }; };
		9A4467D71BC9AE07004CA5E7 /* EntriesViewDataSource.swift in Sources */ = {isa = PBXBuildFile; fileRef = 9A4467D61BC9AE07004CA5E7 /* EntriesViewDataSource.swift */; settings = {ASSET_TAGS = (); }; };
		9A4467D91BC9D4A8004CA5E7 /* EntriesController.ViewLifeCycle.swift in Sources */ = {isa = PBXBuildFile; fileRef = 9A4467D81BC9D4A8004CA5E7 /* EntriesController.ViewLifeCycle.swift */; settings = {ASSET_TAGS = (); }; };
		9AA141B01BBB06B500C3ABBF /* Entry.swift in Sources */ = {isa = PBXBuildFile; fileRef = 9AA141AF1BBB06B500C3ABBF /* Entry.swift */; settings = {ASSET_TAGS = (); }; };
		9AA141B21BBB182100C3ABBF /* Entry.Functions.swift in Sources */ = {isa = PBXBuildFile; fileRef = 9AA141B11BBB182100C3ABBF /* Entry.Functions.swift */; settings = {ASSET_TAGS = (); }; };
/* End PBXBuildFile section */

/* Begin PBXContainerItemProxy section */
		9A133DA21A6089AF009E319B /* PBXContainerItemProxy */ = {
			isa = PBXContainerItemProxy;
			containerPortal = 9A133D841A6089AE009E319B /* Project object */;
			proxyType = 1;
			remoteGlobalIDString = 9A133D8B1A6089AF009E319B;
			remoteInfo = Yeni1Tarif;
		};
/* End PBXContainerItemProxy section */

/* Begin PBXFileReference section */
		0388C1C70937ED4341D4D490 /* Pods-Yeni1Tarif.release.xcconfig */ = {isa = PBXFileReference; includeInIndex = 1; lastKnownFileType = text.xcconfig; name = "Pods-Yeni1Tarif.release.xcconfig"; path = "Pods/Target Support Files/Pods-Yeni1Tarif/Pods-Yeni1Tarif.release.xcconfig"; sourceTree = "<group>"; };
		2488655300BB2D28108148FA /* libPods-Yeni1Tarif.a */ = {isa = PBXFileReference; explicitFileType = archive.ar; includeInIndex = 0; path = "libPods-Yeni1Tarif.a"; sourceTree = BUILT_PRODUCTS_DIR; };
		99A1306927E54A64EAB0BBF7 /* Pods-Yeni1Tarif.debug.xcconfig */ = {isa = PBXFileReference; includeInIndex = 1; lastKnownFileType = text.xcconfig; name = "Pods-Yeni1Tarif.debug.xcconfig"; path = "Pods/Target Support Files/Pods-Yeni1Tarif/Pods-Yeni1Tarif.debug.xcconfig"; sourceTree = "<group>"; };
		9A0FEF641BC71286007A66D5 /* Parse.Extensions.swift */ = {isa = PBXFileReference; fileEncoding = 4; lastKnownFileType = sourcecode.swift; path = Parse.Extensions.swift; sourceTree = "<group>"; };
		9A133D8C1A6089AF009E319B /* Yeni1Tarif.app */ = {isa = PBXFileReference; explicitFileType = wrapper.application; includeInIndex = 0; path = Yeni1Tarif.app; sourceTree = BUILT_PRODUCTS_DIR; };
		9A133D901A6089AF009E319B /* Info.plist */ = {isa = PBXFileReference; lastKnownFileType = text.plist.xml; path = Info.plist; sourceTree = "<group>"; };
		9A133D911A6089AF009E319B /* AppDelegate.swift */ = {isa = PBXFileReference; lastKnownFileType = sourcecode.swift; path = AppDelegate.swift; sourceTree = "<group>"; };
		9A133D961A6089AF009E319B /* Base */ = {isa = PBXFileReference; lastKnownFileType = file.storyboard; name = Base; path = Base.lproj/Main.storyboard; sourceTree = "<group>"; };
		9A133D981A6089AF009E319B /* Images.xcassets */ = {isa = PBXFileReference; lastKnownFileType = folder.assetcatalog; path = Images.xcassets; sourceTree = "<group>"; };
		9A133D9B1A6089AF009E319B /* Base */ = {isa = PBXFileReference; lastKnownFileType = file.xib; name = Base; path = Base.lproj/LaunchScreen.xib; sourceTree = "<group>"; };
		9A133DA11A6089AF009E319B /* Yeni1TarifTests.xctest */ = {isa = PBXFileReference; explicitFileType = wrapper.cfbundle; includeInIndex = 0; path = Yeni1TarifTests.xctest; sourceTree = BUILT_PRODUCTS_DIR; };
		9A133DA61A6089AF009E319B /* Info.plist */ = {isa = PBXFileReference; lastKnownFileType = text.plist.xml; path = Info.plist; sourceTree = "<group>"; };
		9A133DA71A6089AF009E319B /* Yeni1TarifTests.swift */ = {isa = PBXFileReference; lastKnownFileType = sourcecode.swift; path = Yeni1TarifTests.swift; sourceTree = "<group>"; };
		9A329C511BB86421002063DC /* Yeni1Tarif.debug.xcconfig */ = {isa = PBXFileReference; lastKnownFileType = text.xcconfig; path = Yeni1Tarif.debug.xcconfig; sourceTree = "<group>"; };
		9A329C521BB865C1002063DC /* Dotenv-Yeni1Tarif.xcconfig */ = {isa = PBXFileReference; lastKnownFileType = text.xcconfig; path = "Dotenv-Yeni1Tarif.xcconfig"; sourceTree = "<group>"; };
		9A329C541BB8AE74002063DC /* Keys-Yeni1Tarif.xcconfig */ = {isa = PBXFileReference; lastKnownFileType = text.xcconfig; path = "Keys-Yeni1Tarif.xcconfig"; sourceTree = "<group>"; };
		9A442EAF1BC7244B008423CC /* EntriesController.swift */ = {isa = PBXFileReference; fileEncoding = 4; lastKnownFileType = sourcecode.swift; path = EntriesController.swift; sourceTree = "<group>"; };
		9A4467CC1BC955B6004CA5E7 /* UIView+Debug.h */ = {isa = PBXFileReference; fileEncoding = 4; lastKnownFileType = sourcecode.c.h; path = "UIView+Debug.h"; sourceTree = "<group>"; };
		9A4467D01BC9632B004CA5E7 /* EntryCell.swift */ = {isa = PBXFileReference; fileEncoding = 4; lastKnownFileType = sourcecode.swift; path = EntryCell.swift; sourceTree = "<group>"; };
		9A4467D61BC9AE07004CA5E7 /* EntriesViewDataSource.swift */ = {isa = PBXFileReference; fileEncoding = 4; lastKnownFileType = sourcecode.swift; path = EntriesViewDataSource.swift; sourceTree = "<group>"; };
		9A4467D81BC9D4A8004CA5E7 /* EntriesController.ViewLifeCycle.swift */ = {isa = PBXFileReference; fileEncoding = 4; lastKnownFileType = sourcecode.swift; path = EntriesController.ViewLifeCycle.swift; sourceTree = "<group>"; };
		9AA141AF1BBB06B500C3ABBF /* Entry.swift */ = {isa = PBXFileReference; fileEncoding = 4; lastKnownFileType = sourcecode.swift; path = Entry.swift; sourceTree = "<group>"; };
		9AA141B11BBB182100C3ABBF /* Entry.Functions.swift */ = {isa = PBXFileReference; fileEncoding = 4; lastKnownFileType = sourcecode.swift; path = Entry.Functions.swift; sourceTree = "<group>"; };
		9AC88BC61BB7278D00D244B6 /* Yeni1Tarif-Bridging-Header.h */ = {isa = PBXFileReference; lastKnownFileType = sourcecode.c.h; path = "Yeni1Tarif-Bridging-Header.h"; sourceTree = "<group>"; };
/* End PBXFileReference section */

/* Begin PBXFrameworksBuildPhase section */
		9A133D891A6089AF009E319B /* Frameworks */ = {
			isa = PBXFrameworksBuildPhase;
			buildActionMask = 2147483647;
			files = (
				78FBDED8570EA95872599B5E /* libPods-Yeni1Tarif.a in Frameworks */,
			);
			runOnlyForDeploymentPostprocessing = 0;
		};
		9A133D9E1A6089AF009E319B /* Frameworks */ = {
			isa = PBXFrameworksBuildPhase;
			buildActionMask = 2147483647;
			files = (
			);
			runOnlyForDeploymentPostprocessing = 0;
		};
/* End PBXFrameworksBuildPhase section */

/* Begin PBXGroup section */
		9A0FEF621BC71286007A66D5 /* Extended Modules */ = {
			isa = PBXGroup;
			children = (
				9A4467CB1BC95561004CA5E7 /* Debug */,
				9A0FEF631BC71286007A66D5 /* Parse */,
			);
			name = "Extended Modules";
			path = lib;
			sourceTree = "<group>";
		};
		9A0FEF631BC71286007A66D5 /* Parse */ = {
			isa = PBXGroup;
			children = (
				9A0FEF641BC71286007A66D5 /* Parse.Extensions.swift */,
			);
			name = Parse;
			path = parse;
			sourceTree = "<group>";
		};
		9A0FEF661BC71AD5007A66D5 /* View Controllers */ = {
			isa = PBXGroup;
			children = (
				9A442EAF1BC7244B008423CC /* EntriesController.swift */,
				9A4467D81BC9D4A8004CA5E7 /* EntriesController.ViewLifeCycle.swift */,
			);
			name = "View Controllers";
			path = controllers;
			sourceTree = "<group>";
		};
		9A133D831A6089AE009E319B = {
			isa = PBXGroup;
			children = (
				9A133D8E1A6089AF009E319B /* App */,
				9A133DA41A6089AF009E319B /* Tests */,
				9A329C501BB86421002063DC /* Configuration */,
				9A133D8D1A6089AF009E319B /* Products */,
				BA5E6605E82AE523FE2A9BCD /* Pods */,
				AC52FAC5A83B43FCCC27AB3B /* Frameworks */,
			);
			sourceTree = "<group>";
		};
		9A133D8D1A6089AF009E319B /* Products */ = {
			isa = PBXGroup;
			children = (
				9A133D8C1A6089AF009E319B /* Yeni1Tarif.app */,
				9A133DA11A6089AF009E319B /* Yeni1TarifTests.xctest */,
			);
			name = Products;
			sourceTree = "<group>";
		};
		9A133D8E1A6089AF009E319B /* App */ = {
			isa = PBXGroup;
			children = (
				9A133D911A6089AF009E319B /* AppDelegate.swift */,
				9A133D951A6089AF009E319B /* Main.storyboard */,
				9AA141AE1BBB065600C3ABBF /* Data Models */,
				9A4467CF1BC962FA004CA5E7 /* View Models */,
				9A0FEF661BC71AD5007A66D5 /* View Controllers */,
				9A4467D41BC9AD52004CA5E7 /* Data Sources */,
				9A0FEF621BC71286007A66D5 /* Extended Modules */,
				9A133D981A6089AF009E319B /* Images.xcassets */,
				9A133D9A1A6089AF009E319B /* LaunchScreen.xib */,
				9A133D8F1A6089AF009E319B /* Supporting Files */,
			);
			name = App;
			path = app;
			sourceTree = "<group>";
		};
		9A133D8F1A6089AF009E319B /* Supporting Files */ = {
			isa = PBXGroup;
			children = (
				9AC88BC61BB7278D00D244B6 /* Yeni1Tarif-Bridging-Header.h */,
				9A133D901A6089AF009E319B /* Info.plist */,
			);
			name = "Supporting Files";
			sourceTree = "<group>";
		};
		9A133DA41A6089AF009E319B /* Tests */ = {
			isa = PBXGroup;
			children = (
				9A133DA71A6089AF009E319B /* Yeni1TarifTests.swift */,
				9A133DA51A6089AF009E319B /* Supporting Files */,
			);
			name = Tests;
			path = test;
			sourceTree = "<group>";
		};
		9A133DA51A6089AF009E319B /* Supporting Files */ = {
			isa = PBXGroup;
			children = (
				9A133DA61A6089AF009E319B /* Info.plist */,
			);
			name = "Supporting Files";
			sourceTree = "<group>";
		};
		9A329C501BB86421002063DC /* Configuration */ = {
			isa = PBXGroup;
			children = (
				9A329C511BB86421002063DC /* Yeni1Tarif.debug.xcconfig */,
				9A329C521BB865C1002063DC /* Dotenv-Yeni1Tarif.xcconfig */,
				9A329C541BB8AE74002063DC /* Keys-Yeni1Tarif.xcconfig */,
			);
			name = Configuration;
			path = config;
			sourceTree = "<group>";
		};
		9A4467CB1BC95561004CA5E7 /* Debug */ = {
			isa = PBXGroup;
			children = (
				9A4467CC1BC955B6004CA5E7 /* UIView+Debug.h */,
			);
			name = Debug;
			path = debug;
			sourceTree = "<group>";
		};
		9A4467CF1BC962FA004CA5E7 /* View Models */ = {
			isa = PBXGroup;
			children = (
				9A4467D31BC96772004CA5E7 /* Entries */,
			);
			name = "View Models";
			path = views;
			sourceTree = "<group>";
		};
		9A4467D31BC96772004CA5E7 /* Entries */ = {
			isa = PBXGroup;
			children = (
				9A4467D01BC9632B004CA5E7 /* EntryCell.swift */,
			);
			name = Entries;
			path = entries;
			sourceTree = "<group>";
		};
		9A4467D41BC9AD52004CA5E7 /* Data Sources */ = {
			isa = PBXGroup;
			children = (
				9A4467D61BC9AE07004CA5E7 /* EntriesViewDataSource.swift */,
			);
			name = "Data Sources";
			path = data_sources;
			sourceTree = "<group>";
		};
		9AA141AE1BBB065600C3ABBF /* Data Models */ = {
			isa = PBXGroup;
			children = (
				9AA141AF1BBB06B500C3ABBF /* Entry.swift */,
				9AA141B11BBB182100C3ABBF /* Entry.Functions.swift */,
			);
			name = "Data Models";
			path = models;
			sourceTree = "<group>";
		};
		AC52FAC5A83B43FCCC27AB3B /* Frameworks */ = {
			isa = PBXGroup;
			children = (
				2488655300BB2D28108148FA /* libPods-Yeni1Tarif.a */,
			);
			name = Frameworks;
			sourceTree = "<group>";
		};
		BA5E6605E82AE523FE2A9BCD /* Pods */ = {
			isa = PBXGroup;
			children = (
				99A1306927E54A64EAB0BBF7 /* Pods-Yeni1Tarif.debug.xcconfig */,
				0388C1C70937ED4341D4D490 /* Pods-Yeni1Tarif.release.xcconfig */,
			);
			name = Pods;
			sourceTree = "<group>";
		};
/* End PBXGroup section */

/* Begin PBXNativeTarget section */
		9A133D8B1A6089AF009E319B /* Yeni1Tarif */ = {
			isa = PBXNativeTarget;
			buildConfigurationList = 9A133DAB1A6089AF009E319B /* Build configuration list for PBXNativeTarget "Yeni1Tarif" */;
			buildPhases = (
				6E8FDFC09AC5A8E1F58AC1CA /* Check Pods Manifest.lock */,
				9A329C531BB86619002063DC /* Setup */,
				9A133D881A6089AF009E319B /* Sources */,
				9A133D891A6089AF009E319B /* Frameworks */,
				9A133D8A1A6089AF009E319B /* Resources */,
				E2D07FD3C345EB2C540D27D9 /* Copy Pods Resources */,
			);
			buildRules = (
			);
			dependencies = (
			);
			name = Yeni1Tarif;
			productName = Yeni1Tarif;
			productReference = 9A133D8C1A6089AF009E319B /* Yeni1Tarif.app */;
			productType = "com.apple.product-type.application";
		};
		9A133DA01A6089AF009E319B /* Yeni1TarifTests */ = {
			isa = PBXNativeTarget;
			buildConfigurationList = 9A133DAE1A6089AF009E319B /* Build configuration list for PBXNativeTarget "Yeni1TarifTests" */;
			buildPhases = (
				9A133D9D1A6089AF009E319B /* Sources */,
				9A133D9E1A6089AF009E319B /* Frameworks */,
				9A133D9F1A6089AF009E319B /* Resources */,
			);
			buildRules = (
			);
			dependencies = (
				9A133DA31A6089AF009E319B /* PBXTargetDependency */,
			);
			name = Yeni1TarifTests;
			productName = Yeni1TarifTests;
			productReference = 9A133DA11A6089AF009E319B /* Yeni1TarifTests.xctest */;
			productType = "com.apple.product-type.bundle.unit-test";
		};
/* End PBXNativeTarget section */

/* Begin PBXProject section */
		9A133D841A6089AE009E319B /* Project object */ = {
			isa = PBXProject;
			attributes = {
				LastSwiftUpdateCheck = 0700;
				LastUpgradeCheck = 0700;
				ORGANIZATIONNAME = "Ali Servet Donmez";
				TargetAttributes = {
					9A133D8B1A6089AF009E319B = {
						CreatedOnToolsVersion = 6.1.1;
						DevelopmentTeam = P48D5Z69JZ;
					};
					9A133DA01A6089AF009E319B = {
						CreatedOnToolsVersion = 6.1.1;
						TestTargetID = 9A133D8B1A6089AF009E319B;
					};
				};
			};
			buildConfigurationList = 9A133D871A6089AE009E319B /* Build configuration list for PBXProject "Yeni1Tarif" */;
			compatibilityVersion = "Xcode 3.2";
			developmentRegion = English;
			hasScannedForEncodings = 0;
			knownRegions = (
				en,
				Base,
			);
			mainGroup = 9A133D831A6089AE009E319B;
			productRefGroup = 9A133D8D1A6089AF009E319B /* Products */;
			projectDirPath = "";
			projectRoot = "";
			targets = (
				9A133D8B1A6089AF009E319B /* Yeni1Tarif */,
				9A133DA01A6089AF009E319B /* Yeni1TarifTests */,
			);
		};
/* End PBXProject section */

/* Begin PBXResourcesBuildPhase section */
		9A133D8A1A6089AF009E319B /* Resources */ = {
			isa = PBXResourcesBuildPhase;
			buildActionMask = 2147483647;
			files = (
				9A133D971A6089AF009E319B /* Main.storyboard in Resources */,
				9A133D9C1A6089AF009E319B /* LaunchScreen.xib in Resources */,
				9A133D991A6089AF009E319B /* Images.xcassets in Resources */,
			);
			runOnlyForDeploymentPostprocessing = 0;
		};
		9A133D9F1A6089AF009E319B /* Resources */ = {
			isa = PBXResourcesBuildPhase;
			buildActionMask = 2147483647;
			files = (
			);
			runOnlyForDeploymentPostprocessing = 0;
		};
/* End PBXResourcesBuildPhase section */

/* Begin PBXShellScriptBuildPhase section */
		6E8FDFC09AC5A8E1F58AC1CA /* Check Pods Manifest.lock */ = {
			isa = PBXShellScriptBuildPhase;
			buildActionMask = 2147483647;
			files = (
			);
			inputPaths = (
			);
			name = "Check Pods Manifest.lock";
			outputPaths = (
			);
			runOnlyForDeploymentPostprocessing = 0;
			shellPath = /bin/sh;
			shellScript = "diff \"${PODS_ROOT}/../Podfile.lock\" \"${PODS_ROOT}/Manifest.lock\" > /dev/null\nif [[ $? != 0 ]] ; then\n    cat << EOM\nerror: The sandbox is not in sync with the Podfile.lock. Run 'pod install' or update your CocoaPods installation.\nEOM\n    exit 1\nfi\n";
			showEnvVarsInLog = 0;
		};
		9A329C531BB86619002063DC /* Setup */ = {
			isa = PBXShellScriptBuildPhase;
			buildActionMask = 2147483647;
			files = (
			);
			inputPaths = (
			);
			name = Setup;
			outputPaths = (
			);
			runOnlyForDeploymentPostprocessing = 0;
			shellPath = /bin/sh;
			shellScript = bin/setup;
		};
		E2D07FD3C345EB2C540D27D9 /* Copy Pods Resources */ = {
			isa = PBXShellScriptBuildPhase;
			buildActionMask = 2147483647;
			files = (
			);
			inputPaths = (
			);
			name = "Copy Pods Resources";
			outputPaths = (
			);
			runOnlyForDeploymentPostprocessing = 0;
			shellPath = /bin/sh;
			shellScript = "\"${SRCROOT}/Pods/Target Support Files/Pods-Yeni1Tarif/Pods-Yeni1Tarif-resources.sh\"\n";
			showEnvVarsInLog = 0;
		};
/* End PBXShellScriptBuildPhase section */

/* Begin PBXSourcesBuildPhase section */
		9A133D881A6089AF009E319B /* Sources */ = {
			isa = PBXSourcesBuildPhase;
			buildActionMask = 2147483647;
			files = (
				9A0FEF651BC71286007A66D5 /* Parse.Extensions.swift in Sources */,
				9AA141B01BBB06B500C3ABBF /* Entry.swift in Sources */,
				9A4467D11BC9632B004CA5E7 /* EntryCell.swift in Sources */,
				9A442EB01BC7244B008423CC /* EntriesController.swift in Sources */,
				9AA141B21BBB182100C3ABBF /* Entry.Functions.swift in Sources */,
				9A133D921A6089AF009E319B /* AppDelegate.swift in Sources */,
				9A4467D71BC9AE07004CA5E7 /* EntriesViewDataSource.swift in Sources */,
				9A4467D91BC9D4A8004CA5E7 /* EntriesController.ViewLifeCycle.swift in Sources */,
			);
			runOnlyForDeploymentPostprocessing = 0;
		};
		9A133D9D1A6089AF009E319B /* Sources */ = {
			isa = PBXSourcesBuildPhase;
			buildActionMask = 2147483647;
			files = (
				9A133DA81A6089AF009E319B /* Yeni1TarifTests.swift in Sources */,
			);
			runOnlyForDeploymentPostprocessing = 0;
		};
/* End PBXSourcesBuildPhase section */

/* Begin PBXTargetDependency section */
		9A133DA31A6089AF009E319B /* PBXTargetDependency */ = {
			isa = PBXTargetDependency;
			target = 9A133D8B1A6089AF009E319B /* Yeni1Tarif */;
			targetProxy = 9A133DA21A6089AF009E319B /* PBXContainerItemProxy */;
		};
/* End PBXTargetDependency section */

/* Begin PBXVariantGroup section */
		9A133D951A6089AF009E319B /* Main.storyboard */ = {
			isa = PBXVariantGroup;
			children = (
				9A133D961A6089AF009E319B /* Base */,
			);
			name = Main.storyboard;
			sourceTree = "<group>";
		};
		9A133D9A1A6089AF009E319B /* LaunchScreen.xib */ = {
			isa = PBXVariantGroup;
			children = (
				9A133D9B1A6089AF009E319B /* Base */,
			);
			name = LaunchScreen.xib;
			sourceTree = "<group>";
		};
/* End PBXVariantGroup section */

/* Begin XCBuildConfiguration section */
		9A133DA91A6089AF009E319B /* Debug */ = {
			isa = XCBuildConfiguration;
			buildSettings = {
				ALWAYS_SEARCH_USER_PATHS = NO;
				CLANG_CXX_LANGUAGE_STANDARD = "gnu++0x";
				CLANG_CXX_LIBRARY = "libc++";
				CLANG_ENABLE_MODULES = YES;
				CLANG_ENABLE_OBJC_ARC = YES;
				CLANG_WARN_BOOL_CONVERSION = YES;
				CLANG_WARN_CONSTANT_CONVERSION = YES;
				CLANG_WARN_DIRECT_OBJC_ISA_USAGE = YES_ERROR;
				CLANG_WARN_EMPTY_BODY = YES;
				CLANG_WARN_ENUM_CONVERSION = YES;
				CLANG_WARN_INT_CONVERSION = YES;
				CLANG_WARN_OBJC_ROOT_CLASS = YES_ERROR;
				CLANG_WARN_UNREACHABLE_CODE = YES;
				CLANG_WARN__DUPLICATE_METHOD_MATCH = YES;
				"CODE_SIGN_IDENTITY[sdk=iphoneos*]" = "iPhone Developer";
				COPY_PHASE_STRIP = NO;
				ENABLE_STRICT_OBJC_MSGSEND = YES;
				ENABLE_TESTABILITY = YES;
				GCC_C_LANGUAGE_STANDARD = gnu99;
				GCC_DYNAMIC_NO_PIC = NO;
				GCC_OPTIMIZATION_LEVEL = 0;
				GCC_PREPROCESSOR_DEFINITIONS = (
					"DEBUG=1",
					"$(inherited)",
				);
				GCC_SYMBOLS_PRIVATE_EXTERN = NO;
				GCC_WARN_64_TO_32_BIT_CONVERSION = YES;
				GCC_WARN_ABOUT_RETURN_TYPE = YES_ERROR;
				GCC_WARN_UNDECLARED_SELECTOR = YES;
				GCC_WARN_UNINITIALIZED_AUTOS = YES_AGGRESSIVE;
				GCC_WARN_UNUSED_FUNCTION = YES;
				GCC_WARN_UNUSED_VARIABLE = YES;
				IPHONEOS_DEPLOYMENT_TARGET = 8.1;
				MTL_ENABLE_DEBUG_INFO = YES;
				ONLY_ACTIVE_ARCH = YES;
				SDKROOT = iphoneos;
				SWIFT_OPTIMIZATION_LEVEL = "-Onone";
			};
			name = Debug;
		};
		9A133DAA1A6089AF009E319B /* Release */ = {
			isa = XCBuildConfiguration;
			buildSettings = {
				ALWAYS_SEARCH_USER_PATHS = NO;
				CLANG_CXX_LANGUAGE_STANDARD = "gnu++0x";
				CLANG_CXX_LIBRARY = "libc++";
				CLANG_ENABLE_MODULES = YES;
				CLANG_ENABLE_OBJC_ARC = YES;
				CLANG_WARN_BOOL_CONVERSION = YES;
				CLANG_WARN_CONSTANT_CONVERSION = YES;
				CLANG_WARN_DIRECT_OBJC_ISA_USAGE = YES_ERROR;
				CLANG_WARN_EMPTY_BODY = YES;
				CLANG_WARN_ENUM_CONVERSION = YES;
				CLANG_WARN_INT_CONVERSION = YES;
				CLANG_WARN_OBJC_ROOT_CLASS = YES_ERROR;
				CLANG_WARN_UNREACHABLE_CODE = YES;
				CLANG_WARN__DUPLICATE_METHOD_MATCH = YES;
				"CODE_SIGN_IDENTITY[sdk=iphoneos*]" = "iPhone Developer";
				COPY_PHASE_STRIP = YES;
				ENABLE_NS_ASSERTIONS = NO;
				ENABLE_STRICT_OBJC_MSGSEND = YES;
				GCC_C_LANGUAGE_STANDARD = gnu99;
				GCC_WARN_64_TO_32_BIT_CONVERSION = YES;
				GCC_WARN_ABOUT_RETURN_TYPE = YES_ERROR;
				GCC_WARN_UNDECLARED_SELECTOR = YES;
				GCC_WARN_UNINITIALIZED_AUTOS = YES_AGGRESSIVE;
				GCC_WARN_UNUSED_FUNCTION = YES;
				GCC_WARN_UNUSED_VARIABLE = YES;
				IPHONEOS_DEPLOYMENT_TARGET = 8.1;
				MTL_ENABLE_DEBUG_INFO = NO;
				SDKROOT = iphoneos;
				VALIDATE_PRODUCT = YES;
			};
			name = Release;
		};
		9A133DAC1A6089AF009E319B /* Debug */ = {
			isa = XCBuildConfiguration;
			baseConfigurationReference = 9A329C511BB86421002063DC /* Yeni1Tarif.debug.xcconfig */;
			buildSettings = {
				ASSETCATALOG_COMPILER_APPICON_NAME = AppIcon;
				CLANG_ENABLE_MODULES = YES;
				CODE_SIGN_IDENTITY = "iPhone Developer";
				"CODE_SIGN_IDENTITY[sdk=iphoneos*]" = "iPhone Developer";
				INFOPLIST_FILE = app/Info.plist;
				LD_RUNPATH_SEARCH_PATHS = "$(inherited) @executable_path/Frameworks";
				PRODUCT_BUNDLE_IDENTIFIER = "com.yeni1tarif.yeni1tarif-ios";
				PRODUCT_NAME = "$(TARGET_NAME)";
				PROVISIONING_PROFILE = "";
				SWIFT_OBJC_BRIDGING_HEADER = "app/Yeni1Tarif-Bridging-Header.h";
				SWIFT_OPTIMIZATION_LEVEL = "-Onone";
				TARGETED_DEVICE_FAMILY = 1;
			};
			name = Debug;
		};
		9A133DAD1A6089AF009E319B /* Release */ = {
			isa = XCBuildConfiguration;
			baseConfigurationReference = 0388C1C70937ED4341D4D490 /* Pods-Yeni1Tarif.release.xcconfig */;
			buildSettings = {
				ASSETCATALOG_COMPILER_APPICON_NAME = AppIcon;
				CLANG_ENABLE_MODULES = YES;
				CODE_SIGN_IDENTITY = "iPhone Developer";
				"CODE_SIGN_IDENTITY[sdk=iphoneos*]" = "iPhone Developer";
				INFOPLIST_FILE = app/Info.plist;
				LD_RUNPATH_SEARCH_PATHS = "$(inherited) @executable_path/Frameworks";
				PRODUCT_BUNDLE_IDENTIFIER = "com.yeni1tarif.yeni1tarif-ios";
				PRODUCT_NAME = "$(TARGET_NAME)";
				PROVISIONING_PROFILE = "";
				SWIFT_OBJC_BRIDGING_HEADER = "app/Yeni1Tarif-Bridging-Header.h";
				TARGETED_DEVICE_FAMILY = 1;
			};
			name = Release;
		};
		9A133DAF1A6089AF009E319B /* Debug */ = {
			isa = XCBuildConfiguration;
			buildSettings = {
				BUNDLE_LOADER = "$(TEST_HOST)";
				GCC_PREPROCESSOR_DEFINITIONS = (
					"DEBUG=1",
					"$(inherited)",
				);
				INFOPLIST_FILE = test/Info.plist;
				LD_RUNPATH_SEARCH_PATHS = "$(inherited) @executable_path/Frameworks @loader_path/Frameworks";
				PRODUCT_BUNDLE_IDENTIFIER = "com.yeni1tarif.yeni1tarif-ios";
				PRODUCT_NAME = "$(TARGET_NAME)";
				TEST_HOST = "$(BUILT_PRODUCTS_DIR)/Yeni1Tarif.app/Yeni1Tarif";
			};
			name = Debug;
		};
		9A133DB01A6089AF009E319B /* Release */ = {
			isa = XCBuildConfiguration;
			buildSettings = {
				BUNDLE_LOADER = "$(TEST_HOST)";
				INFOPLIST_FILE = test/Info.plist;
				LD_RUNPATH_SEARCH_PATHS = "$(inherited) @executable_path/Frameworks @loader_path/Frameworks";
				PRODUCT_BUNDLE_IDENTIFIER = "com.yeni1tarif.yeni1tarif-ios";
				PRODUCT_NAME = "$(TARGET_NAME)";
				TEST_HOST = "$(BUILT_PRODUCTS_DIR)/Yeni1Tarif.app/Yeni1Tarif";
			};
			name = Release;
		};
/* End XCBuildConfiguration section */

/* Begin XCConfigurationList section */
		9A133D871A6089AE009E319B /* Build configuration list for PBXProject "Yeni1Tarif" */ = {
			isa = XCConfigurationList;
			buildConfigurations = (
				9A133DA91A6089AF009E319B /* Debug */,
				9A133DAA1A6089AF009E319B /* Release */,
			);
			defaultConfigurationIsVisible = 0;
			defaultConfigurationName = Release;
		};
		9A133DAB1A6089AF009E319B /* Build configuration list for PBXNativeTarget "Yeni1Tarif" */ = {
			isa = XCConfigurationList;
			buildConfigurations = (
				9A133DAC1A6089AF009E319B /* Debug */,
				9A133DAD1A6089AF009E319B /* Release */,
			);
			defaultConfigurationIsVisible = 0;
			defaultConfigurationName = Release;
		};
		9A133DAE1A6089AF009E319B /* Build configuration list for PBXNativeTarget "Yeni1TarifTests" */ = {
			isa = XCConfigurationList;
			buildConfigurations = (
				9A133DAF1A6089AF009E319B /* Debug */,
				9A133DB01A6089AF009E319B /* Release */,
			);
			defaultConfigurationIsVisible = 0;
			defaultConfigurationName = Release;
		};
/* End XCConfigurationList section */
	};
	rootObject = 9A133D841A6089AE009E319B /* Project object */;
}
